// !$*UTF8*$!
{
	archiveVersion = 1;
	classes = {
	};
	objectVersion = 46;
	objects = {

/* Begin PBXBuildFile section */
		4346B72FCE3C5DF9122F009E /* Pods_PicturePyramid.framework in Frameworks */ = {isa = PBXBuildFile; fileRef = 61A7C1CE45191793E607866D /* Pods_PicturePyramid.framework */; };
		EB03BA441D47FCEC00F05D60 /* Post.swift in Sources */ = {isa = PBXBuildFile; fileRef = EB03BA431D47FCEC00F05D60 /* Post.swift */; };
		EB0B683D1D52823900FE541A /* KolodaPost.swift in Sources */ = {isa = PBXBuildFile; fileRef = EB0B683C1D52823900FE541A /* KolodaPost.swift */; };
		EB521C961D41277C006A678F /* AppDelegate.swift in Sources */ = {isa = PBXBuildFile; fileRef = EB521C951D41277C006A678F /* AppDelegate.swift */; };
		EB521C9B1D41277C006A678F /* Main.storyboard in Resources */ = {isa = PBXBuildFile; fileRef = EB521C991D41277C006A678F /* Main.storyboard */; };
		EB521C9D1D41277C006A678F /* Assets.xcassets in Resources */ = {isa = PBXBuildFile; fileRef = EB521C9C1D41277C006A678F /* Assets.xcassets */; };
		EB521CA01D41277C006A678F /* LaunchScreen.storyboard in Resources */ = {isa = PBXBuildFile; fileRef = EB521C9E1D41277C006A678F /* LaunchScreen.storyboard */; };
		EB5B3BF81D413E700066D4A9 /* FeedViewController.swift in Sources */ = {isa = PBXBuildFile; fileRef = EB5B3BF71D413E700066D4A9 /* FeedViewController.swift */; };
		EB5B3BFA1D4143460066D4A9 /* SettingsViewController.swift in Sources */ = {isa = PBXBuildFile; fileRef = EB5B3BF91D4143460066D4A9 /* SettingsViewController.swift */; };
		EB5B3BFC1D4143590066D4A9 /* PostPhotoViewController.swift in Sources */ = {isa = PBXBuildFile; fileRef = EB5B3BFB1D4143590066D4A9 /* PostPhotoViewController.swift */; };
		EB5B3BFE1D4143680066D4A9 /* FriendsViewController.swift in Sources */ = {isa = PBXBuildFile; fileRef = EB5B3BFD1D4143680066D4A9 /* FriendsViewController.swift */; };
		EB68FF471D4FE43300BB3C05 /* BackgroundAnimationViewController.swift in Sources */ = {isa = PBXBuildFile; fileRef = EB68FF401D4FE43300BB3C05 /* BackgroundAnimationViewController.swift */; };
		EB68FF481D4FE43300BB3C05 /* BackgroundKolodaAnimator.swift in Sources */ = {isa = PBXBuildFile; fileRef = EB68FF411D4FE43300BB3C05 /* BackgroundKolodaAnimator.swift */; };
		EB68FF491D4FE43300BB3C05 /* CustomKolodaView.swift in Sources */ = {isa = PBXBuildFile; fileRef = EB68FF421D4FE43300BB3C05 /* CustomKolodaView.swift */; };
		EB68FF4A1D4FE43300BB3C05 /* CustomOverlayView.swift in Sources */ = {isa = PBXBuildFile; fileRef = EB68FF431D4FE43300BB3C05 /* CustomOverlayView.swift */; };
		EB68FF4B1D4FE43300BB3C05 /* CustomOverlayView.xib in Resources */ = {isa = PBXBuildFile; fileRef = EB68FF441D4FE43300BB3C05 /* CustomOverlayView.xib */; };
		EB68FF4C1D4FE43300BB3C05 /* ExampleOverlayView.swift in Sources */ = {isa = PBXBuildFile; fileRef = EB68FF451D4FE43300BB3C05 /* ExampleOverlayView.swift */; };
		EB68FF4D1D4FE43300BB3C05 /* ViewController.swift in Sources */ = {isa = PBXBuildFile; fileRef = EB68FF461D4FE43300BB3C05 /* ViewController.swift */; };
		EB68FF4F1D4FE86000BB3C05 /* Koloda.storyboard in Resources */ = {isa = PBXBuildFile; fileRef = EB68FF4E1D4FE86000BB3C05 /* Koloda.storyboard */; };
		EB9C813B1D427D6B005C1A89 /* FrontCameraViewController.swift in Sources */ = {isa = PBXBuildFile; fileRef = EB9C813A1D427D6B005C1A89 /* FrontCameraViewController.swift */; };
		EBE2DE6A1D467DA700E67FBC /* ParseLoginHelper.swift in Sources */ = {isa = PBXBuildFile; fileRef = EBE2DE691D467DA700E67FBC /* ParseLoginHelper.swift */; };
		EBE2DE6D1D4681CB00E67FBC /* ErrorHandler.swift in Sources */ = {isa = PBXBuildFile; fileRef = EBE2DE6C1D4681CB00E67FBC /* ErrorHandler.swift */; };
		EBE3948F1D43EEE500B82325 /* confirmPostViewController.swift in Sources */ = {isa = PBXBuildFile; fileRef = EBE3948E1D43EEE500B82325 /* confirmPostViewController.swift */; };
		EBF40FBA1D454775002D5D81 /* FriendSearchTableViewCell.swift in Sources */ = {isa = PBXBuildFile; fileRef = EBF40FB91D454775002D5D81 /* FriendSearchTableViewCell.swift */; };
		EBF40FBC1D45B667002D5D81 /* ParseHelper.swift in Sources */ = {isa = PBXBuildFile; fileRef = EBF40FBB1D45B667002D5D81 /* ParseHelper.swift */; };
		EBF518D41D5160D800079B6C /* BigViewController.swift in Sources */ = {isa = PBXBuildFile; fileRef = EBF518D31D5160D800079B6C /* BigViewController.swift */; };
/* End PBXBuildFile section */

/* Begin PBXFileReference section */
		18BD30D8AC3B1B6F8F34F29D /* Pods-PicturePyramid.debug.xcconfig */ = {isa = PBXFileReference; includeInIndex = 1; lastKnownFileType = text.xcconfig; name = "Pods-PicturePyramid.debug.xcconfig"; path = "Pods/Target Support Files/Pods-PicturePyramid/Pods-PicturePyramid.debug.xcconfig"; sourceTree = "<group>"; };
		61A7C1CE45191793E607866D /* Pods_PicturePyramid.framework */ = {isa = PBXFileReference; explicitFileType = wrapper.framework; includeInIndex = 0; path = Pods_PicturePyramid.framework; sourceTree = BUILT_PRODUCTS_DIR; };
		A7EFB7A2744548B07A960B66 /* Pods-PicturePyramid.release.xcconfig */ = {isa = PBXFileReference; includeInIndex = 1; lastKnownFileType = text.xcconfig; name = "Pods-PicturePyramid.release.xcconfig"; path = "Pods/Target Support Files/Pods-PicturePyramid/Pods-PicturePyramid.release.xcconfig"; sourceTree = "<group>"; };
		EB03BA431D47FCEC00F05D60 /* Post.swift */ = {isa = PBXFileReference; fileEncoding = 4; lastKnownFileType = sourcecode.swift; path = Post.swift; sourceTree = "<group>"; };
		EB0B683C1D52823900FE541A /* KolodaPost.swift */ = {isa = PBXFileReference; fileEncoding = 4; lastKnownFileType = sourcecode.swift; path = KolodaPost.swift; sourceTree = "<group>"; };
		EB521C921D41277C006A678F /* PicturePyramid.app */ = {isa = PBXFileReference; explicitFileType = wrapper.application; includeInIndex = 0; path = PicturePyramid.app; sourceTree = BUILT_PRODUCTS_DIR; };
		EB521C951D41277C006A678F /* AppDelegate.swift */ = {isa = PBXFileReference; lastKnownFileType = sourcecode.swift; path = AppDelegate.swift; sourceTree = "<group>"; };
		EB521C9A1D41277C006A678F /* Base */ = {isa = PBXFileReference; lastKnownFileType = file.storyboard; name = Base; path = Base.lproj/Main.storyboard; sourceTree = "<group>"; };
		EB521C9C1D41277C006A678F /* Assets.xcassets */ = {isa = PBXFileReference; lastKnownFileType = folder.assetcatalog; path = Assets.xcassets; sourceTree = "<group>"; };
		EB521C9F1D41277C006A678F /* Base */ = {isa = PBXFileReference; lastKnownFileType = file.storyboard; name = Base; path = Base.lproj/LaunchScreen.storyboard; sourceTree = "<group>"; };
		EB521CA11D41277C006A678F /* Info.plist */ = {isa = PBXFileReference; lastKnownFileType = text.plist.xml; path = Info.plist; sourceTree = "<group>"; };
		EB5B3BF71D413E700066D4A9 /* FeedViewController.swift */ = {isa = PBXFileReference; fileEncoding = 4; lastKnownFileType = sourcecode.swift; path = FeedViewController.swift; sourceTree = "<group>"; };
		EB5B3BF91D4143460066D4A9 /* SettingsViewController.swift */ = {isa = PBXFileReference; fileEncoding = 4; lastKnownFileType = sourcecode.swift; path = SettingsViewController.swift; sourceTree = "<group>"; };
		EB5B3BFB1D4143590066D4A9 /* PostPhotoViewController.swift */ = {isa = PBXFileReference; fileEncoding = 4; lastKnownFileType = sourcecode.swift; path = PostPhotoViewController.swift; sourceTree = "<group>"; };
		EB5B3BFD1D4143680066D4A9 /* FriendsViewController.swift */ = {isa = PBXFileReference; fileEncoding = 4; lastKnownFileType = sourcecode.swift; path = FriendsViewController.swift; sourceTree = "<group>"; };
		EB68FF401D4FE43300BB3C05 /* BackgroundAnimationViewController.swift */ = {isa = PBXFileReference; fileEncoding = 4; lastKnownFileType = sourcecode.swift; path = BackgroundAnimationViewController.swift; sourceTree = "<group>"; };
		EB68FF411D4FE43300BB3C05 /* BackgroundKolodaAnimator.swift */ = {isa = PBXFileReference; fileEncoding = 4; lastKnownFileType = sourcecode.swift; path = BackgroundKolodaAnimator.swift; sourceTree = "<group>"; };
		EB68FF421D4FE43300BB3C05 /* CustomKolodaView.swift */ = {isa = PBXFileReference; fileEncoding = 4; lastKnownFileType = sourcecode.swift; path = CustomKolodaView.swift; sourceTree = "<group>"; };
		EB68FF431D4FE43300BB3C05 /* CustomOverlayView.swift */ = {isa = PBXFileReference; fileEncoding = 4; lastKnownFileType = sourcecode.swift; path = CustomOverlayView.swift; sourceTree = "<group>"; };
		EB68FF441D4FE43300BB3C05 /* CustomOverlayView.xib */ = {isa = PBXFileReference; fileEncoding = 4; lastKnownFileType = file.xib; path = CustomOverlayView.xib; sourceTree = "<group>"; };
		EB68FF451D4FE43300BB3C05 /* ExampleOverlayView.swift */ = {isa = PBXFileReference; fileEncoding = 4; lastKnownFileType = sourcecode.swift; path = ExampleOverlayView.swift; sourceTree = "<group>"; };
		EB68FF461D4FE43300BB3C05 /* ViewController.swift */ = {isa = PBXFileReference; fileEncoding = 4; lastKnownFileType = sourcecode.swift; path = ViewController.swift; sourceTree = "<group>"; };
		EB68FF4E1D4FE86000BB3C05 /* Koloda.storyboard */ = {isa = PBXFileReference; fileEncoding = 4; lastKnownFileType = file.storyboard; path = Koloda.storyboard; sourceTree = "<group>"; };
		EB9C813A1D427D6B005C1A89 /* FrontCameraViewController.swift */ = {isa = PBXFileReference; fileEncoding = 4; lastKnownFileType = sourcecode.swift; path = FrontCameraViewController.swift; sourceTree = "<group>"; };
		EBE2DE691D467DA700E67FBC /* ParseLoginHelper.swift */ = {isa = PBXFileReference; fileEncoding = 4; lastKnownFileType = sourcecode.swift; path = ParseLoginHelper.swift; sourceTree = "<group>"; };
		EBE2DE6C1D4681CB00E67FBC /* ErrorHandler.swift */ = {isa = PBXFileReference; fileEncoding = 4; lastKnownFileType = sourcecode.swift; path = ErrorHandler.swift; sourceTree = "<group>"; };
		EBE3948E1D43EEE500B82325 /* confirmPostViewController.swift */ = {isa = PBXFileReference; fileEncoding = 4; lastKnownFileType = sourcecode.swift; path = confirmPostViewController.swift; sourceTree = "<group>"; };
		EBF40FB91D454775002D5D81 /* FriendSearchTableViewCell.swift */ = {isa = PBXFileReference; fileEncoding = 4; lastKnownFileType = sourcecode.swift; path = FriendSearchTableViewCell.swift; sourceTree = "<group>"; };
		EBF40FBB1D45B667002D5D81 /* ParseHelper.swift */ = {isa = PBXFileReference; fileEncoding = 4; lastKnownFileType = sourcecode.swift; path = ParseHelper.swift; sourceTree = "<group>"; };
		EBF518D31D5160D800079B6C /* BigViewController.swift */ = {isa = PBXFileReference; fileEncoding = 4; lastKnownFileType = sourcecode.swift; path = BigViewController.swift; sourceTree = "<group>"; };
/* End PBXFileReference section */

/* Begin PBXFrameworksBuildPhase section */
		EB521C8F1D41277C006A678F /* Frameworks */ = {
			isa = PBXFrameworksBuildPhase;
			buildActionMask = 2147483647;
			files = (
				4346B72FCE3C5DF9122F009E /* Pods_PicturePyramid.framework in Frameworks */,
			);
			runOnlyForDeploymentPostprocessing = 0;
		};
/* End PBXFrameworksBuildPhase section */

/* Begin PBXGroup section */
		BF7D89C2A7B29E7A0114A1DC /* Pods */ = {
			isa = PBXGroup;
			children = (
				18BD30D8AC3B1B6F8F34F29D /* Pods-PicturePyramid.debug.xcconfig */,
				A7EFB7A2744548B07A960B66 /* Pods-PicturePyramid.release.xcconfig */,
			);
			name = Pods;
			sourceTree = "<group>";
		};
		D6DF3D28E7E83FB57C59D4CC /* Frameworks */ = {
			isa = PBXGroup;
			children = (
				61A7C1CE45191793E607866D /* Pods_PicturePyramid.framework */,
			);
			name = Frameworks;
			sourceTree = "<group>";
		};
		EB521C891D41277C006A678F = {
			isa = PBXGroup;
			children = (
				EB521C941D41277C006A678F /* PicturePyramid */,
				EB521C931D41277C006A678F /* Products */,
				BF7D89C2A7B29E7A0114A1DC /* Pods */,
				D6DF3D28E7E83FB57C59D4CC /* Frameworks */,
			);
			sourceTree = "<group>";
		};
		EB521C931D41277C006A678F /* Products */ = {
			isa = PBXGroup;
			children = (
				EB521C921D41277C006A678F /* PicturePyramid.app */,
			);
			name = Products;
			sourceTree = "<group>";
		};
		EB521C941D41277C006A678F /* PicturePyramid */ = {
			isa = PBXGroup;
			children = (
				EB68FF4E1D4FE86000BB3C05 /* Koloda.storyboard */,
				EB68FF411D4FE43300BB3C05 /* BackgroundKolodaAnimator.swift */,
				EB68FF421D4FE43300BB3C05 /* CustomKolodaView.swift */,
				EB68FF431D4FE43300BB3C05 /* CustomOverlayView.swift */,
				EB68FF441D4FE43300BB3C05 /* CustomOverlayView.xib */,
				EB68FF451D4FE43300BB3C05 /* ExampleOverlayView.swift */,
				EB68FF461D4FE43300BB3C05 /* ViewController.swift */,
				EBE2DE6B1D4681A900E67FBC /* Helpers */,
				EB5B3BF61D413E3F0066D4A9 /* ViewControllers */,
				EB521C951D41277C006A678F /* AppDelegate.swift */,
				EB521C991D41277C006A678F /* Main.storyboard */,
				EB521C9C1D41277C006A678F /* Assets.xcassets */,
				EB521C9E1D41277C006A678F /* LaunchScreen.storyboard */,
				EB521CA11D41277C006A678F /* Info.plist */,
				EBF40FB91D454775002D5D81 /* FriendSearchTableViewCell.swift */,
				EB03BA431D47FCEC00F05D60 /* Post.swift */,
			);
			path = PicturePyramid;
			sourceTree = "<group>";
		};
		EB5B3BF61D413E3F0066D4A9 /* ViewControllers */ = {
			isa = PBXGroup;
			children = (
				EB68FF401D4FE43300BB3C05 /* BackgroundAnimationViewController.swift */,
				EB5B3BF71D413E700066D4A9 /* FeedViewController.swift */,
				EB5B3BF91D4143460066D4A9 /* SettingsViewController.swift */,
				EB5B3BFB1D4143590066D4A9 /* PostPhotoViewController.swift */,
				EB5B3BFD1D4143680066D4A9 /* FriendsViewController.swift */,
				EB9C813A1D427D6B005C1A89 /* FrontCameraViewController.swift */,
				EBE3948E1D43EEE500B82325 /* confirmPostViewController.swift */,
				EBF518D31D5160D800079B6C /* BigViewController.swift */,
			);
			name = ViewControllers;
			sourceTree = "<group>";
		};
		EBE2DE6B1D4681A900E67FBC /* Helpers */ = {
			isa = PBXGroup;
			children = (
				EBF40FBB1D45B667002D5D81 /* ParseHelper.swift */,
				EBE2DE691D467DA700E67FBC /* ParseLoginHelper.swift */,
				EBE2DE6C1D4681CB00E67FBC /* ErrorHandler.swift */,
				EB0B683C1D52823900FE541A /* KolodaPost.swift */,
			);
			name = Helpers;
			sourceTree = "<group>";
		};
/* End PBXGroup section */

/* Begin PBXNativeTarget section */
		EB521C911D41277C006A678F /* PicturePyramid */ = {
			isa = PBXNativeTarget;
			buildConfigurationList = EB521CA41D41277C006A678F /* Build configuration list for PBXNativeTarget "PicturePyramid" */;
			buildPhases = (
				E4C01892BFB46D84CA9780E4 /* [CP] Check Pods Manifest.lock */,
				EB521C8E1D41277C006A678F /* Sources */,
				EB521C8F1D41277C006A678F /* Frameworks */,
				EB521C901D41277C006A678F /* Resources */,
				ACF2AFC128B36BB5F94679B7 /* [CP] Embed Pods Frameworks */,
				4F01ADC1DBE9BCF8925C374B /* [CP] Copy Pods Resources */,
			);
			buildRules = (
			);
			dependencies = (
			);
			name = PicturePyramid;
			productName = PicturePyramid;
			productReference = EB521C921D41277C006A678F /* PicturePyramid.app */;
			productType = "com.apple.product-type.application";
		};
/* End PBXNativeTarget section */

/* Begin PBXProject section */
		EB521C8A1D41277C006A678F /* Project object */ = {
			isa = PBXProject;
			attributes = {
				LastSwiftUpdateCheck = 0730;
				LastUpgradeCheck = 0730;
				ORGANIZATIONNAME = "Bassil Shama";
				TargetAttributes = {
					EB521C911D41277C006A678F = {
						CreatedOnToolsVersion = 7.3.1;
						DevelopmentTeam = C2Y7X86V5K;
					};
				};
			};
			buildConfigurationList = EB521C8D1D41277C006A678F /* Build configuration list for PBXProject "PicturePyramid" */;
			compatibilityVersion = "Xcode 3.2";
			developmentRegion = English;
			hasScannedForEncodings = 0;
			knownRegions = (
				en,
				Base,
			);
			mainGroup = EB521C891D41277C006A678F;
			productRefGroup = EB521C931D41277C006A678F /* Products */;
			projectDirPath = "";
			projectRoot = "";
			targets = (
				EB521C911D41277C006A678F /* PicturePyramid */,
			);
		};
/* End PBXProject section */

/* Begin PBXResourcesBuildPhase section */
		EB521C901D41277C006A678F /* Resources */ = {
			isa = PBXResourcesBuildPhase;
			buildActionMask = 2147483647;
			files = (
				EB521CA01D41277C006A678F /* LaunchScreen.storyboard in Resources */,
				EB68FF4F1D4FE86000BB3C05 /* Koloda.storyboard in Resources */,
				EB521C9D1D41277C006A678F /* Assets.xcassets in Resources */,
				EB68FF4B1D4FE43300BB3C05 /* CustomOverlayView.xib in Resources */,
				EB521C9B1D41277C006A678F /* Main.storyboard in Resources */,
			);
			runOnlyForDeploymentPostprocessing = 0;
		};
/* End PBXResourcesBuildPhase section */

/* Begin PBXShellScriptBuildPhase section */
		4F01ADC1DBE9BCF8925C374B /* [CP] Copy Pods Resources */ = {
			isa = PBXShellScriptBuildPhase;
			buildActionMask = 2147483647;
			files = (
			);
			inputPaths = (
			);
			name = "[CP] Copy Pods Resources";
			outputPaths = (
			);
			runOnlyForDeploymentPostprocessing = 0;
			shellPath = /bin/sh;
			shellScript = "\"${SRCROOT}/Pods/Target Support Files/Pods-PicturePyramid/Pods-PicturePyramid-resources.sh\"\n";
			showEnvVarsInLog = 0;
		};
		ACF2AFC128B36BB5F94679B7 /* [CP] Embed Pods Frameworks */ = {
			isa = PBXShellScriptBuildPhase;
			buildActionMask = 2147483647;
			files = (
			);
			inputPaths = (
			);
			name = "[CP] Embed Pods Frameworks";
			outputPaths = (
			);
			runOnlyForDeploymentPostprocessing = 0;
			shellPath = /bin/sh;
			shellScript = "\"${SRCROOT}/Pods/Target Support Files/Pods-PicturePyramid/Pods-PicturePyramid-frameworks.sh\"\n";
			showEnvVarsInLog = 0;
		};
		E4C01892BFB46D84CA9780E4 /* [CP] Check Pods Manifest.lock */ = {
			isa = PBXShellScriptBuildPhase;
			buildActionMask = 2147483647;
			files = (
			);
			inputPaths = (
			);
			name = "[CP] Check Pods Manifest.lock";
			outputPaths = (
			);
			runOnlyForDeploymentPostprocessing = 0;
			shellPath = /bin/sh;
			shellScript = "diff \"${PODS_ROOT}/../Podfile.lock\" \"${PODS_ROOT}/Manifest.lock\" > /dev/null\nif [[ $? != 0 ]] ; then\n    cat << EOM\nerror: The sandbox is not in sync with the Podfile.lock. Run 'pod install' or update your CocoaPods installation.\nEOM\n    exit 1\nfi\n";
			showEnvVarsInLog = 0;
		};
/* End PBXShellScriptBuildPhase section */

/* Begin PBXSourcesBuildPhase section */
		EB521C8E1D41277C006A678F /* Sources */ = {
			isa = PBXSourcesBuildPhase;
			buildActionMask = 2147483647;
			files = (
				EB68FF4C1D4FE43300BB3C05 /* ExampleOverlayView.swift in Sources */,
				EB5B3BF81D413E700066D4A9 /* FeedViewController.swift in Sources */,
				EBE2DE6A1D467DA700E67FBC /* ParseLoginHelper.swift in Sources */,
				EB0B683D1D52823900FE541A /* KolodaPost.swift in Sources */,
				EB9C813B1D427D6B005C1A89 /* FrontCameraViewController.swift in Sources */,
				EB68FF491D4FE43300BB3C05 /* CustomKolodaView.swift in Sources */,
				EB03BA441D47FCEC00F05D60 /* Post.swift in Sources */,
				EB5B3BFE1D4143680066D4A9 /* FriendsViewController.swift in Sources */,
				EBE2DE6D1D4681CB00E67FBC /* ErrorHandler.swift in Sources */,
				EBF40FBA1D454775002D5D81 /* FriendSearchTableViewCell.swift in Sources */,
				EB68FF471D4FE43300BB3C05 /* BackgroundAnimationViewController.swift in Sources */,
				EB68FF481D4FE43300BB3C05 /* BackgroundKolodaAnimator.swift in Sources */,
				EB68FF4A1D4FE43300BB3C05 /* CustomOverlayView.swift in Sources */,
				EB68FF4D1D4FE43300BB3C05 /* ViewController.swift in Sources */,
				EBF518D41D5160D800079B6C /* BigViewController.swift in Sources */,
				EB521C961D41277C006A678F /* AppDelegate.swift in Sources */,
				EBF40FBC1D45B667002D5D81 /* ParseHelper.swift in Sources */,
				EB5B3BFA1D4143460066D4A9 /* SettingsViewController.swift in Sources */,
				EBE3948F1D43EEE500B82325 /* confirmPostViewController.swift in Sources */,
				EB5B3BFC1D4143590066D4A9 /* PostPhotoViewController.swift in Sources */,
			);
			runOnlyForDeploymentPostprocessing = 0;
		};
/* End PBXSourcesBuildPhase section */

/* Begin PBXVariantGroup section */
		EB521C991D41277C006A678F /* Main.storyboard */ = {
			isa = PBXVariantGroup;
			children = (
				EB521C9A1D41277C006A678F /* Base */,
			);
			name = Main.storyboard;
			sourceTree = "<group>";
		};
		EB521C9E1D41277C006A678F /* LaunchScreen.storyboard */ = {
			isa = PBXVariantGroup;
			children = (
				EB521C9F1D41277C006A678F /* Base */,
			);
			name = LaunchScreen.storyboard;
			sourceTree = "<group>";
		};
/* End PBXVariantGroup section */

/* Begin XCBuildConfiguration section */
		EB521CA21D41277C006A678F /* Debug */ = {
			isa = XCBuildConfiguration;
			buildSettings = {
				ALWAYS_SEARCH_USER_PATHS = NO;
				CLANG_ANALYZER_NONNULL = YES;
				CLANG_CXX_LANGUAGE_STANDARD = "gnu++0x";
				CLANG_CXX_LIBRARY = "libc++";
				CLANG_ENABLE_MODULES = YES;
				CLANG_ENABLE_OBJC_ARC = YES;
				CLANG_WARN_BOOL_CONVERSION = YES;
				CLANG_WARN_CONSTANT_CONVERSION = YES;
				CLANG_WARN_DIRECT_OBJC_ISA_USAGE = YES_ERROR;
				CLANG_WARN_EMPTY_BODY = YES;
				CLANG_WARN_ENUM_CONVERSION = YES;
				CLANG_WARN_INT_CONVERSION = YES;
				CLANG_WARN_OBJC_ROOT_CLASS = YES_ERROR;
				CLANG_WARN_UNREACHABLE_CODE = YES;
				CLANG_WARN__DUPLICATE_METHOD_MATCH = YES;
				"CODE_SIGN_IDENTITY[sdk=iphoneos*]" = "iPhone Developer";
				COPY_PHASE_STRIP = NO;
				DEBUG_INFORMATION_FORMAT = dwarf;
				ENABLE_STRICT_OBJC_MSGSEND = YES;
				ENABLE_TESTABILITY = YES;
				GCC_C_LANGUAGE_STANDARD = gnu99;
				GCC_DYNAMIC_NO_PIC = NO;
				GCC_NO_COMMON_BLOCKS = YES;
				GCC_OPTIMIZATION_LEVEL = 0;
				GCC_PREPROCESSOR_DEFINITIONS = (
					"DEBUG=1",
					"$(inherited)",
				);
				GCC_WARN_64_TO_32_BIT_CONVERSION = YES;
				GCC_WARN_ABOUT_RETURN_TYPE = YES_ERROR;
				GCC_WARN_UNDECLARED_SELECTOR = YES;
				GCC_WARN_UNINITIALIZED_AUTOS = YES_AGGRESSIVE;
				GCC_WARN_UNUSED_FUNCTION = YES;
				GCC_WARN_UNUSED_VARIABLE = YES;
				IPHONEOS_DEPLOYMENT_TARGET = 9.3;
				MTL_ENABLE_DEBUG_INFO = YES;
				ONLY_ACTIVE_ARCH = YES;
				SDKROOT = iphoneos;
				SWIFT_OPTIMIZATION_LEVEL = "-Onone";
			};
			name = Debug;
		};
		EB521CA31D41277C006A678F /* Release */ = {
			isa = XCBuildConfiguration;
			buildSettings = {
				ALWAYS_SEARCH_USER_PATHS = NO;
				CLANG_ANALYZER_NONNULL = YES;
				CLANG_CXX_LANGUAGE_STANDARD = "gnu++0x";
				CLANG_CXX_LIBRARY = "libc++";
				CLANG_ENABLE_MODULES = YES;
				CLANG_ENABLE_OBJC_ARC = YES;
				CLANG_WARN_BOOL_CONVERSION = YES;
				CLANG_WARN_CONSTANT_CONVERSION = YES;
				CLANG_WARN_DIRECT_OBJC_ISA_USAGE = YES_ERROR;
				CLANG_WARN_EMPTY_BODY = YES;
				CLANG_WARN_ENUM_CONVERSION = YES;
				CLANG_WARN_INT_CONVERSION = YES;
				CLANG_WARN_OBJC_ROOT_CLASS = YES_ERROR;
				CLANG_WARN_UNREACHABLE_CODE = YES;
				CLANG_WARN__DUPLICATE_METHOD_MATCH = YES;
				"CODE_SIGN_IDENTITY[sdk=iphoneos*]" = "iPhone Developer";
				COPY_PHASE_STRIP = NO;
				DEBUG_INFORMATION_FORMAT = "dwarf-with-dsym";
				ENABLE_NS_ASSERTIONS = NO;
				ENABLE_STRICT_OBJC_MSGSEND = YES;
				GCC_C_LANGUAGE_STANDARD = gnu99;
				GCC_NO_COMMON_BLOCKS = YES;
				GCC_WARN_64_TO_32_BIT_CONVERSION = YES;
				GCC_WARN_ABOUT_RETURN_TYPE = YES_ERROR;
				GCC_WARN_UNDECLARED_SELECTOR = YES;
				GCC_WARN_UNINITIALIZED_AUTOS = YES_AGGRESSIVE;
				GCC_WARN_UNUSED_FUNCTION = YES;
				GCC_WARN_UNUSED_VARIABLE = YES;
				IPHONEOS_DEPLOYMENT_TARGET = 9.3;
				MTL_ENABLE_DEBUG_INFO = NO;
				SDKROOT = iphoneos;
				VALIDATE_PRODUCT = YES;
			};
			name = Release;
		};
		EB521CA51D41277C006A678F /* Debug */ = {
			isa = XCBuildConfiguration;
			baseConfigurationReference = 18BD30D8AC3B1B6F8F34F29D /* Pods-PicturePyramid.debug.xcconfig */;
			buildSettings = {
				ASSETCATALOG_COMPILER_APPICON_NAME = AppIcon;
				CODE_SIGN_IDENTITY = "iPhone Developer";
				"CODE_SIGN_IDENTITY[sdk=iphoneos*]" = "iPhone Developer";
				INFOPLIST_FILE = PicturePyramid/Info.plist;
				LD_RUNPATH_SEARCH_PATHS = "$(inherited) @executable_path/Frameworks";
				PRODUCT_BUNDLE_IDENTIFIER = com.bassilshama.PicturePyramid;
				PRODUCT_NAME = "$(TARGET_NAME)";
				PROVISIONING_PROFILE = "";
			};
			name = Debug;
		};
		EB521CA61D41277C006A678F /* Release */ = {
			isa = XCBuildConfiguration;
			baseConfigurationReference = A7EFB7A2744548B07A960B66 /* Pods-PicturePyramid.release.xcconfig */;
			buildSettings = {
				ASSETCATALOG_COMPILER_APPICON_NAME = AppIcon;
				CODE_SIGN_IDENTITY = "iPhone Developer";
				"CODE_SIGN_IDENTITY[sdk=iphoneos*]" = "iPhone Developer";
				INFOPLIST_FILE = PicturePyramid/Info.plist;
				LD_RUNPATH_SEARCH_PATHS = "$(inherited) @executable_path/Frameworks";
				PRODUCT_BUNDLE_IDENTIFIER = com.bassilshama.PicturePyramid;
				PRODUCT_NAME = "$(TARGET_NAME)";
				PROVISIONING_PROFILE = "";
			};
			name = Release;
		};
/* End XCBuildConfiguration section */

/* Begin XCConfigurationList section */
		EB521C8D1D41277C006A678F /* Build configuration list for PBXProject "PicturePyramid" */ = {
			isa = XCConfigurationList;
			buildConfigurations = (
				EB521CA21D41277C006A678F /* Debug */,
				EB521CA31D41277C006A678F /* Release */,
			);
			defaultConfigurationIsVisible = 0;
			defaultConfigurationName = Release;
		};
		EB521CA41D41277C006A678F /* Build configuration list for PBXNativeTarget "PicturePyramid" */ = {
			isa = XCConfigurationList;
			buildConfigurations = (
				EB521CA51D41277C006A678F /* Debug */,
				EB521CA61D41277C006A678F /* Release */,
			);
			defaultConfigurationIsVisible = 0;
			defaultConfigurationName = Release;
		};
/* End XCConfigurationList section */
	};
	rootObject = EB521C8A1D41277C006A678F /* Project object */;
}
